
Microsoft Visual Studio Solution File, Format Version 12.00
# Visual Studio Version 16
VisualStudioVersion = 16.0.29424.173
MinimumVisualStudioVersion = 10.0.40219.1
Project("{9A19103F-16F7-4668-BE54-9A1E7A4F7556}") = "Watsonia.QueryBuilder", "Watsonia.QueryBuilder\Watsonia.QueryBuilder.csproj", "{C21FC3FA-DE49-41A6-867E-E72A9681AF57}"
EndProject
Project("{9A19103F-16F7-4668-BE54-9A1E7A4F7556}") = "Watsonia.QueryBuilder.Tests", "Watsonia.QueryBuilder.Tests\Watsonia.QueryBuilder.Tests.csproj", "{897510C4-C344-4B52-8DCA-22A6931753C1}"
EndProject
Project("{2150E333-8FDC-42A3-9474-1A3956D46DE8}") = "Solution Items", "Solution Items", "{FE4087A1-3B68-48FF-AF31-125053D40479}"
	ProjectSection(SolutionItems) = preProject
		.editorconfig = .editorconfig
	EndProjectSection
EndProject
Project("{FAE04EC0-301F-11D3-BF4B-00C04F79EFBC}") = "Watsonia.QueryBuilder.SqlServer", "Watsonia.QueryBuilder.SqlServer\Watsonia.QueryBuilder.SqlServer.csproj", "{9E888918-402F-4E53-8EDB-1F1F7EDAC930}"
EndProject
Project("{FAE04EC0-301F-11D3-BF4B-00C04F79EFBC}") = "Watsonia.QueryBuilder.SQLite", "Watsonia.QueryBuilder.SQLite\Watsonia.QueryBuilder.SQLite.csproj", "{4E22DA3C-D435-47FD-A4EB-5AB2AC470693}"
EndProject
Global
	GlobalSection(SolutionConfigurationPlatforms) = preSolution
		Debug|Any CPU = Debug|Any CPU
		Release|Any CPU = Release|Any CPU
	EndGlobalSection
	GlobalSection(ProjectConfigurationPlatforms) = postSolution
		{C21FC3FA-DE49-41A6-867E-E72A9681AF57}.Debug|Any CPU.ActiveCfg = Debug|Any CPU
		{C21FC3FA-DE49-41A6-867E-E72A9681AF57}.Debug|Any CPU.Build.0 = Debug|Any CPU
		{C21FC3FA-DE49-41A6-867E-E72A9681AF57}.Release|Any CPU.ActiveCfg = Release|Any CPU
		{C21FC3FA-DE49-41A6-867E-E72A9681AF57}.Release|Any CPU.Build.0 = Release|Any CPU
		{897510C4-C344-4B52-8DCA-22A6931753C1}.Debug|Any CPU.ActiveCfg = Debug|Any CPU
		{897510C4-C344-4B52-8DCA-22A6931753C1}.Debug|Any CPU.Build.0 = Debug|Any CPU
		{897510C4-C344-4B52-8DCA-22A6931753C1}.Release|Any CPU.ActiveCfg = Release|Any CPU
		{897510C4-C344-4B52-8DCA-22A6931753C1}.Release|Any CPU.Build.0 = Release|Any CPU
		{9E888918-402F-4E53-8EDB-1F1F7EDAC930}.Debug|Any CPU.ActiveCfg = Debug|Any CPU
		{9E888918-402F-4E53-8EDB-1F1F7EDAC930}.Debug|Any CPU.Build.0 = Debug|Any CPU
		{9E888918-402F-4E53-8EDB-1F1F7EDAC930}.Release|Any CPU.ActiveCfg = Release|Any CPU
		{9E888918-402F-4E53-8EDB-1F1F7EDAC930}.Release|Any CPU.Build.0 = Release|Any CPU
		{4E22DA3C-D435-47FD-A4EB-5AB2AC470693}.Debug|Any CPU.ActiveCfg = Debug|Any CPU
		{4E22DA3C-D435-47FD-A4EB-5AB2AC470693}.Debug|Any CPU.Build.0 = Debug|Any CPU
		{4E22DA3C-D435-47FD-A4EB-5AB2AC470693}.Release|Any CPU.ActiveCfg = Release|Any CPU
		{4E22DA3C-D435-47FD-A4EB-5AB2AC470693}.Release|Any CPU.Build.0 = Release|Any CPU
	EndGlobalSection
	GlobalSection(SolutionProperties) = preSolution
		HideSolutionNode = FALSE
	EndGlobalSection
	GlobalSection(ExtensibilityGlobals) = postSolution
		SolutionGuid = {24AC212E-07DE-476E-B1F7-CC8C30CCB6A8}
	EndGlobalSection
EndGlobal
