
Microsoft Visual Studio Solution File, Format Version 12.00
# Visual Studio 15
VisualStudioVersion = 15.0.28307.168
MinimumVisualStudioVersion = 10.0.40219.1
Project("{9A19103F-16F7-4668-BE54-9A1E7A4F7556}") = "Watsonia.QueryBuilder", "Watsonia.QueryBuilder\Watsonia.QueryBuilder.csproj", "{C21FC3FA-DE49-41A6-867E-E72A9681AF57}"
EndProject
Project("{9A19103F-16F7-4668-BE54-9A1E7A4F7556}") = "Watsonia.QueryBuilder.Tests", "Watsonia.QueryBuilder.Tests\Watsonia.QueryBuilder.Tests.csproj", "{897510C4-C344-4B52-8DCA-22A6931753C1}"
EndProject
Global
	GlobalSection(SolutionConfigurationPlatforms) = preSolution
		Debug|Any CPU = Debug|Any CPU
		Release|Any CPU = Release|Any CPU
	EndGlobalSection
	GlobalSection(ProjectConfigurationPlatforms) = postSolution
		{C21FC3FA-DE49-41A6-867E-E72A9681AF57}.Debug|Any CPU.ActiveCfg = Debug|Any CPU
		{C21FC3FA-DE49-41A6-867E-E72A9681AF57}.Debug|Any CPU.Build.0 = Debug|Any CPU
		{C21FC3FA-DE49-41A6-867E-E72A9681AF57}.Release|Any CPU.ActiveCfg = Release|Any CPU
		{C21FC3FA-DE49-41A6-867E-E72A9681AF57}.Release|Any CPU.Build.0 = Release|Any CPU
		{897510C4-C344-4B52-8DCA-22A6931753C1}.Debug|Any CPU.ActiveCfg = Debug|Any CPU
		{897510C4-C344-4B52-8DCA-22A6931753C1}.Debug|Any CPU.Build.0 = Debug|Any CPU
		{897510C4-C344-4B52-8DCA-22A6931753C1}.Release|Any CPU.ActiveCfg = Release|Any CPU
		{897510C4-C344-4B52-8DCA-22A6931753C1}.Release|Any CPU.Build.0 = Release|Any CPU
	EndGlobalSection
	GlobalSection(SolutionProperties) = preSolution
		HideSolutionNode = FALSE
	EndGlobalSection
	GlobalSection(ExtensibilityGlobals) = postSolution
		SolutionGuid = {24AC212E-07DE-476E-B1F7-CC8C30CCB6A8}
	EndGlobalSection
EndGlobal
